
Microsoft Visual Studio Solution File, Format Version 12.00
# Visual Studio Version 17
VisualStudioVersion = 17.2.32602.215
MinimumVisualStudioVersion = 10.0.40219.1
Project("{9A19103F-16F7-4668-BE54-9A1E7A4F7556}") = "Alfateam", "Alfateam\Alfateam.csproj", "{247B5478-353A-4AE7-B13B-12C83BB89891}"
EndProject
Project("{9A19103F-16F7-4668-BE54-9A1E7A4F7556}") = "Alfateam.Database", "Alfateam.Models\Alfateam.Database.csproj", "{6FA28072-D55E-4259-BCB9-2C117F52511F}"
EndProject
Project("{9A19103F-16F7-4668-BE54-9A1E7A4F7556}") = "Alfateam.CRM2_0.Models", "Alfateam.CRM2_0.Models\Alfateam.CRM2_0.Models.csproj", "{1D950189-28EE-49FB-82F3-959ED7802047}"
EndProject
Project("{9A19103F-16F7-4668-BE54-9A1E7A4F7556}") = "Alfateam2.0.Models", "Alfateam2.0.Models\Alfateam2.0.Models.csproj", "{27AB9DA3-27F9-4554-A030-E784E28A414C}"
EndProject
Project("{9A19103F-16F7-4668-BE54-9A1E7A4F7556}") = "Alfateam.DB", "Alfateam.DB\Alfateam.DB.csproj", "{47A52048-B1CE-4C70-93EA-0990B1C6DFCF}"
EndProject
Project("{9A19103F-16F7-4668-BE54-9A1E7A4F7556}") = "Alfateam.Website.API", "Alfateam.Website.API\Alfateam.Website.API.csproj", "{517A90FF-457C-4343-BCC7-B42A55B23DE0}"
EndProject
Project("{9A19103F-16F7-4668-BE54-9A1E7A4F7556}") = "Alfateam.Gateways", "Alfateam.Gateways\Alfateam.Gateways.csproj", "{532BF729-4BA9-443D-9586-8B1F2BB55F04}"
EndProject
Project("{9A19103F-16F7-4668-BE54-9A1E7A4F7556}") = "Alfateam.EDM.API", "Alfateam.EDM.API\Alfateam.EDM.API.csproj", "{F6436F3B-B42C-43D6-862A-594E0FFF6A2A}"
EndProject
Project("{9A19103F-16F7-4668-BE54-9A1E7A4F7556}") = "Alfateam.EDM.Models", "Alfateam.EDM.Models\Alfateam.EDM.Models.csproj", "{B02D91A0-8741-476F-AE3E-622CADE72CC0}"
EndProject
Project("{9A19103F-16F7-4668-BE54-9A1E7A4F7556}") = "Alfateam.ID.API", "Alfateam.ID\Alfateam.ID.API.csproj", "{805AD435-9CE9-44F4-BE0D-91446BF10AD9}"
EndProject
Project("{9A19103F-16F7-4668-BE54-9A1E7A4F7556}") = "Alfateam.ID.Models", "Alfateam.ID.Models\Alfateam.ID.Models.csproj", "{9FF6C48C-21E7-4229-86B4-856D0A91A56B}"
EndProject
Project("{9A19103F-16F7-4668-BE54-9A1E7A4F7556}") = "Alfateam.Core", "Alfateam.Core\Alfateam.Core.csproj", "{041EC0B9-2562-4201-9DE1-A1C6C3539A5B}"
EndProject
Project("{9A19103F-16F7-4668-BE54-9A1E7A4F7556}") = "Alfateam.Messenger.Models", "Alfateam.Messenger.Models\Alfateam.Messenger.Models.csproj", "{4AD45D80-FBF6-4B6C-952D-DBA555561E53}"
EndProject
Project("{9A19103F-16F7-4668-BE54-9A1E7A4F7556}") = "Alfateam.Messenger.API", "Alfateam.Messenger\Alfateam.Messenger.API.csproj", "{4CEE87A8-1060-4D89-B695-9D835D9A052A}"
EndProject
Project("{9A19103F-16F7-4668-BE54-9A1E7A4F7556}") = "Alfateam.Messenger.Lib", "Alfateam.Messenger.Lib\Alfateam.Messenger.Lib.csproj", "{4D95B36B-DF1C-4BC0-A49C-6F5CDEC98BF9}"
EndProject
Project("{9A19103F-16F7-4668-BE54-9A1E7A4F7556}") = "Alfateam.Messenger.Models.DTO", "Alfateam.Messenger.Models.DTO\Alfateam.Messenger.Models.DTO.csproj", "{79DEEB79-ABBC-41CD-8BD6-2240EF82D076}"
EndProject
Project("{2150E333-8FDC-42A3-9474-1A3956D46DE8}") = "Messenger", "Messenger", "{32F98715-830A-4B65-A652-EDC60358CC3F}"
EndProject
Project("{9A19103F-16F7-4668-BE54-9A1E7A4F7556}") = "ConsoleApp1", "ConsoleApp1\ConsoleApp1.csproj", "{9271A8E3-799E-409D-A28C-DD77D5A4D204}"
EndProject
Project("{9A19103F-16F7-4668-BE54-9A1E7A4F7556}") = "Alfateam.CertificationCenter.Models", "Alfateam.CerticationCenter.Models\Alfateam.CertificationCenter.Models.csproj", "{49CAD9BE-EEB8-4A12-A98D-948D941302F8}"
EndProject
Project("{9A19103F-16F7-4668-BE54-9A1E7A4F7556}") = "Alfateam.CertificationCenter.API", "Alfateam.CertificationCenter\Alfateam.CertificationCenter.API.csproj", "{BD70C2F1-5321-4DA6-8257-86210C1FA58D}"
EndProject
Project("{2150E333-8FDC-42A3-9474-1A3956D46DE8}") = "Administration", "Administration", "{EA009B18-F1D8-40E6-93D5-C46BEF067564}"
EndProject
Project("{9A19103F-16F7-4668-BE54-9A1E7A4F7556}") = "Alfateam.AdminPanelGeneral.API", "Alfateam.AdminPanelGeneral\Alfateam.AdminPanelGeneral.API.csproj", "{27F2976B-A73B-42D1-92B2-A77BC6389908}"
EndProject
Project("{9A19103F-16F7-4668-BE54-9A1E7A4F7556}") = "Alfateam.Administration.Models", "Alfateam.Administration.Models\Alfateam.Administration.Models.csproj", "{BB24D326-EF9A-4EF3-A2C0-729F4C05F568}"
EndProject
Project("{9A19103F-16F7-4668-BE54-9A1E7A4F7556}") = "Alfateam.CertCenterAdminPanel.API", "Alfateam.CertCenterAdminPanel\Alfateam.CertCenterAdminPanel.API.csproj", "{0A67F7CD-5CBE-4B52-AB5B-B6F9ED54AB7C}"
EndProject
Project("{2150E333-8FDC-42A3-9474-1A3956D46DE8}") = "EDM", "EDM", "{AF4D1143-45AA-4BDB-AFB3-38A266955EC0}"
EndProject
Project("{2150E333-8FDC-42A3-9474-1A3956D46DE8}") = "Website", "Website", "{EEE1699F-F5FF-41A5-BAB7-E6CBEDF078BF}"
EndProject
Project("{2150E333-8FDC-42A3-9474-1A3956D46DE8}") = "CertCenter", "CertCenter", "{D2C80C1F-B186-4992-AAD0-5AA1168BFB87}"
EndProject
Project("{2150E333-8FDC-42A3-9474-1A3956D46DE8}") = "OldWebsite", "OldWebsite", "{38F38BFB-E005-4FE7-AFD1-0EB14D056F39}"
EndProject
Project("{2150E333-8FDC-42A3-9474-1A3956D46DE8}") = "ID", "ID", "{4601018F-578F-4ADB-8E34-0DC6D36E5427}"
EndProject
Project("{FAE04EC0-301F-11D3-BF4B-00C04F79EFBC}") = "Alfateam.CertificationCenter.Models.DTO", "Alfateam.CertificationCenter.Models.DTO\Alfateam.CertificationCenter.Models.DTO.csproj", "{28151DA6-17CC-4F54-BE5F-94F9EA84EB36}"
EndProject
Global
	GlobalSection(SolutionConfigurationPlatforms) = preSolution
		Debug|Any CPU = Debug|Any CPU
		Release|Any CPU = Release|Any CPU
	EndGlobalSection
	GlobalSection(ProjectConfigurationPlatforms) = postSolution
		{247B5478-353A-4AE7-B13B-12C83BB89891}.Debug|Any CPU.ActiveCfg = Debug|Any CPU
		{247B5478-353A-4AE7-B13B-12C83BB89891}.Debug|Any CPU.Build.0 = Debug|Any CPU
		{247B5478-353A-4AE7-B13B-12C83BB89891}.Release|Any CPU.ActiveCfg = Release|Any CPU
		{247B5478-353A-4AE7-B13B-12C83BB89891}.Release|Any CPU.Build.0 = Release|Any CPU
		{6FA28072-D55E-4259-BCB9-2C117F52511F}.Debug|Any CPU.ActiveCfg = Debug|Any CPU
		{6FA28072-D55E-4259-BCB9-2C117F52511F}.Debug|Any CPU.Build.0 = Debug|Any CPU
		{6FA28072-D55E-4259-BCB9-2C117F52511F}.Release|Any CPU.ActiveCfg = Release|Any CPU
		{6FA28072-D55E-4259-BCB9-2C117F52511F}.Release|Any CPU.Build.0 = Release|Any CPU
		{1D950189-28EE-49FB-82F3-959ED7802047}.Debug|Any CPU.ActiveCfg = Debug|Any CPU
		{1D950189-28EE-49FB-82F3-959ED7802047}.Debug|Any CPU.Build.0 = Debug|Any CPU
		{1D950189-28EE-49FB-82F3-959ED7802047}.Release|Any CPU.ActiveCfg = Release|Any CPU
		{1D950189-28EE-49FB-82F3-959ED7802047}.Release|Any CPU.Build.0 = Release|Any CPU
		{27AB9DA3-27F9-4554-A030-E784E28A414C}.Debug|Any CPU.ActiveCfg = Debug|Any CPU
		{27AB9DA3-27F9-4554-A030-E784E28A414C}.Debug|Any CPU.Build.0 = Debug|Any CPU
		{27AB9DA3-27F9-4554-A030-E784E28A414C}.Release|Any CPU.ActiveCfg = Release|Any CPU
		{27AB9DA3-27F9-4554-A030-E784E28A414C}.Release|Any CPU.Build.0 = Release|Any CPU
		{47A52048-B1CE-4C70-93EA-0990B1C6DFCF}.Debug|Any CPU.ActiveCfg = Debug|Any CPU
		{47A52048-B1CE-4C70-93EA-0990B1C6DFCF}.Debug|Any CPU.Build.0 = Debug|Any CPU
		{47A52048-B1CE-4C70-93EA-0990B1C6DFCF}.Release|Any CPU.ActiveCfg = Release|Any CPU
		{47A52048-B1CE-4C70-93EA-0990B1C6DFCF}.Release|Any CPU.Build.0 = Release|Any CPU
		{517A90FF-457C-4343-BCC7-B42A55B23DE0}.Debug|Any CPU.ActiveCfg = Debug|Any CPU
		{517A90FF-457C-4343-BCC7-B42A55B23DE0}.Debug|Any CPU.Build.0 = Debug|Any CPU
		{517A90FF-457C-4343-BCC7-B42A55B23DE0}.Release|Any CPU.ActiveCfg = Release|Any CPU
		{517A90FF-457C-4343-BCC7-B42A55B23DE0}.Release|Any CPU.Build.0 = Release|Any CPU
		{532BF729-4BA9-443D-9586-8B1F2BB55F04}.Debug|Any CPU.ActiveCfg = Debug|Any CPU
		{532BF729-4BA9-443D-9586-8B1F2BB55F04}.Debug|Any CPU.Build.0 = Debug|Any CPU
		{532BF729-4BA9-443D-9586-8B1F2BB55F04}.Release|Any CPU.ActiveCfg = Release|Any CPU
		{532BF729-4BA9-443D-9586-8B1F2BB55F04}.Release|Any CPU.Build.0 = Release|Any CPU
		{F6436F3B-B42C-43D6-862A-594E0FFF6A2A}.Debug|Any CPU.ActiveCfg = Debug|Any CPU
		{F6436F3B-B42C-43D6-862A-594E0FFF6A2A}.Debug|Any CPU.Build.0 = Debug|Any CPU
		{F6436F3B-B42C-43D6-862A-594E0FFF6A2A}.Release|Any CPU.ActiveCfg = Release|Any CPU
		{F6436F3B-B42C-43D6-862A-594E0FFF6A2A}.Release|Any CPU.Build.0 = Release|Any CPU
		{B02D91A0-8741-476F-AE3E-622CADE72CC0}.Debug|Any CPU.ActiveCfg = Debug|Any CPU
		{B02D91A0-8741-476F-AE3E-622CADE72CC0}.Debug|Any CPU.Build.0 = Debug|Any CPU
		{B02D91A0-8741-476F-AE3E-622CADE72CC0}.Release|Any CPU.ActiveCfg = Release|Any CPU
		{B02D91A0-8741-476F-AE3E-622CADE72CC0}.Release|Any CPU.Build.0 = Release|Any CPU
		{805AD435-9CE9-44F4-BE0D-91446BF10AD9}.Debug|Any CPU.ActiveCfg = Debug|Any CPU
		{805AD435-9CE9-44F4-BE0D-91446BF10AD9}.Debug|Any CPU.Build.0 = Debug|Any CPU
		{805AD435-9CE9-44F4-BE0D-91446BF10AD9}.Release|Any CPU.ActiveCfg = Release|Any CPU
		{805AD435-9CE9-44F4-BE0D-91446BF10AD9}.Release|Any CPU.Build.0 = Release|Any CPU
		{9FF6C48C-21E7-4229-86B4-856D0A91A56B}.Debug|Any CPU.ActiveCfg = Debug|Any CPU
		{9FF6C48C-21E7-4229-86B4-856D0A91A56B}.Debug|Any CPU.Build.0 = Debug|Any CPU
		{9FF6C48C-21E7-4229-86B4-856D0A91A56B}.Release|Any CPU.ActiveCfg = Release|Any CPU
		{9FF6C48C-21E7-4229-86B4-856D0A91A56B}.Release|Any CPU.Build.0 = Release|Any CPU
		{041EC0B9-2562-4201-9DE1-A1C6C3539A5B}.Debug|Any CPU.ActiveCfg = Debug|Any CPU
		{041EC0B9-2562-4201-9DE1-A1C6C3539A5B}.Debug|Any CPU.Build.0 = Debug|Any CPU
		{041EC0B9-2562-4201-9DE1-A1C6C3539A5B}.Release|Any CPU.ActiveCfg = Release|Any CPU
		{041EC0B9-2562-4201-9DE1-A1C6C3539A5B}.Release|Any CPU.Build.0 = Release|Any CPU
		{4AD45D80-FBF6-4B6C-952D-DBA555561E53}.Debug|Any CPU.ActiveCfg = Debug|Any CPU
		{4AD45D80-FBF6-4B6C-952D-DBA555561E53}.Debug|Any CPU.Build.0 = Debug|Any CPU
		{4AD45D80-FBF6-4B6C-952D-DBA555561E53}.Release|Any CPU.ActiveCfg = Release|Any CPU
		{4AD45D80-FBF6-4B6C-952D-DBA555561E53}.Release|Any CPU.Build.0 = Release|Any CPU
		{4CEE87A8-1060-4D89-B695-9D835D9A052A}.Debug|Any CPU.ActiveCfg = Debug|Any CPU
		{4CEE87A8-1060-4D89-B695-9D835D9A052A}.Debug|Any CPU.Build.0 = Debug|Any CPU
		{4CEE87A8-1060-4D89-B695-9D835D9A052A}.Release|Any CPU.ActiveCfg = Release|Any CPU
		{4CEE87A8-1060-4D89-B695-9D835D9A052A}.Release|Any CPU.Build.0 = Release|Any CPU
		{4D95B36B-DF1C-4BC0-A49C-6F5CDEC98BF9}.Debug|Any CPU.ActiveCfg = Debug|Any CPU
		{4D95B36B-DF1C-4BC0-A49C-6F5CDEC98BF9}.Debug|Any CPU.Build.0 = Debug|Any CPU
		{4D95B36B-DF1C-4BC0-A49C-6F5CDEC98BF9}.Release|Any CPU.ActiveCfg = Release|Any CPU
		{4D95B36B-DF1C-4BC0-A49C-6F5CDEC98BF9}.Release|Any CPU.Build.0 = Release|Any CPU
		{79DEEB79-ABBC-41CD-8BD6-2240EF82D076}.Debug|Any CPU.ActiveCfg = Debug|Any CPU
		{79DEEB79-ABBC-41CD-8BD6-2240EF82D076}.Debug|Any CPU.Build.0 = Debug|Any CPU
		{79DEEB79-ABBC-41CD-8BD6-2240EF82D076}.Release|Any CPU.ActiveCfg = Release|Any CPU
		{79DEEB79-ABBC-41CD-8BD6-2240EF82D076}.Release|Any CPU.Build.0 = Release|Any CPU
		{9271A8E3-799E-409D-A28C-DD77D5A4D204}.Debug|Any CPU.ActiveCfg = Debug|Any CPU
		{9271A8E3-799E-409D-A28C-DD77D5A4D204}.Debug|Any CPU.Build.0 = Debug|Any CPU
		{9271A8E3-799E-409D-A28C-DD77D5A4D204}.Release|Any CPU.ActiveCfg = Release|Any CPU
		{9271A8E3-799E-409D-A28C-DD77D5A4D204}.Release|Any CPU.Build.0 = Release|Any CPU
		{49CAD9BE-EEB8-4A12-A98D-948D941302F8}.Debug|Any CPU.ActiveCfg = Debug|Any CPU
		{49CAD9BE-EEB8-4A12-A98D-948D941302F8}.Debug|Any CPU.Build.0 = Debug|Any CPU
		{49CAD9BE-EEB8-4A12-A98D-948D941302F8}.Release|Any CPU.ActiveCfg = Release|Any CPU
		{49CAD9BE-EEB8-4A12-A98D-948D941302F8}.Release|Any CPU.Build.0 = Release|Any CPU
		{BD70C2F1-5321-4DA6-8257-86210C1FA58D}.Debug|Any CPU.ActiveCfg = Debug|Any CPU
		{BD70C2F1-5321-4DA6-8257-86210C1FA58D}.Debug|Any CPU.Build.0 = Debug|Any CPU
		{BD70C2F1-5321-4DA6-8257-86210C1FA58D}.Release|Any CPU.ActiveCfg = Release|Any CPU
		{BD70C2F1-5321-4DA6-8257-86210C1FA58D}.Release|Any CPU.Build.0 = Release|Any CPU
		{27F2976B-A73B-42D1-92B2-A77BC6389908}.Debug|Any CPU.ActiveCfg = Debug|Any CPU
		{27F2976B-A73B-42D1-92B2-A77BC6389908}.Debug|Any CPU.Build.0 = Debug|Any CPU
		{27F2976B-A73B-42D1-92B2-A77BC6389908}.Release|Any CPU.ActiveCfg = Release|Any CPU
		{27F2976B-A73B-42D1-92B2-A77BC6389908}.Release|Any CPU.Build.0 = Release|Any CPU
		{BB24D326-EF9A-4EF3-A2C0-729F4C05F568}.Debug|Any CPU.ActiveCfg = Debug|Any CPU
		{BB24D326-EF9A-4EF3-A2C0-729F4C05F568}.Debug|Any CPU.Build.0 = Debug|Any CPU
		{BB24D326-EF9A-4EF3-A2C0-729F4C05F568}.Release|Any CPU.ActiveCfg = Release|Any CPU
		{BB24D326-EF9A-4EF3-A2C0-729F4C05F568}.Release|Any CPU.Build.0 = Release|Any CPU
		{0A67F7CD-5CBE-4B52-AB5B-B6F9ED54AB7C}.Debug|Any CPU.ActiveCfg = Debug|Any CPU
		{0A67F7CD-5CBE-4B52-AB5B-B6F9ED54AB7C}.Debug|Any CPU.Build.0 = Debug|Any CPU
		{0A67F7CD-5CBE-4B52-AB5B-B6F9ED54AB7C}.Release|Any CPU.ActiveCfg = Release|Any CPU
		{0A67F7CD-5CBE-4B52-AB5B-B6F9ED54AB7C}.Release|Any CPU.Build.0 = Release|Any CPU
		{28151DA6-17CC-4F54-BE5F-94F9EA84EB36}.Debug|Any CPU.ActiveCfg = Debug|Any CPU
		{28151DA6-17CC-4F54-BE5F-94F9EA84EB36}.Debug|Any CPU.Build.0 = Debug|Any CPU
		{28151DA6-17CC-4F54-BE5F-94F9EA84EB36}.Release|Any CPU.ActiveCfg = Release|Any CPU
		{28151DA6-17CC-4F54-BE5F-94F9EA84EB36}.Release|Any CPU.Build.0 = Release|Any CPU
	EndGlobalSection
	GlobalSection(SolutionProperties) = preSolution
		HideSolutionNode = FALSE
	EndGlobalSection
	GlobalSection(NestedProjects) = preSolution
		{247B5478-353A-4AE7-B13B-12C83BB89891} = {38F38BFB-E005-4FE7-AFD1-0EB14D056F39}
		{6FA28072-D55E-4259-BCB9-2C117F52511F} = {38F38BFB-E005-4FE7-AFD1-0EB14D056F39}
		{27AB9DA3-27F9-4554-A030-E784E28A414C} = {EEE1699F-F5FF-41A5-BAB7-E6CBEDF078BF}
		{517A90FF-457C-4343-BCC7-B42A55B23DE0} = {EEE1699F-F5FF-41A5-BAB7-E6CBEDF078BF}
		{F6436F3B-B42C-43D6-862A-594E0FFF6A2A} = {AF4D1143-45AA-4BDB-AFB3-38A266955EC0}
		{B02D91A0-8741-476F-AE3E-622CADE72CC0} = {AF4D1143-45AA-4BDB-AFB3-38A266955EC0}
		{805AD435-9CE9-44F4-BE0D-91446BF10AD9} = {4601018F-578F-4ADB-8E34-0DC6D36E5427}
		{9FF6C48C-21E7-4229-86B4-856D0A91A56B} = {4601018F-578F-4ADB-8E34-0DC6D36E5427}
		{4AD45D80-FBF6-4B6C-952D-DBA555561E53} = {32F98715-830A-4B65-A652-EDC60358CC3F}
		{4CEE87A8-1060-4D89-B695-9D835D9A052A} = {32F98715-830A-4B65-A652-EDC60358CC3F}
		{4D95B36B-DF1C-4BC0-A49C-6F5CDEC98BF9} = {32F98715-830A-4B65-A652-EDC60358CC3F}
		{79DEEB79-ABBC-41CD-8BD6-2240EF82D076} = {32F98715-830A-4B65-A652-EDC60358CC3F}
		{9271A8E3-799E-409D-A28C-DD77D5A4D204} = {32F98715-830A-4B65-A652-EDC60358CC3F}
		{49CAD9BE-EEB8-4A12-A98D-948D941302F8} = {D2C80C1F-B186-4992-AAD0-5AA1168BFB87}
		{BD70C2F1-5321-4DA6-8257-86210C1FA58D} = {D2C80C1F-B186-4992-AAD0-5AA1168BFB87}
		{27F2976B-A73B-42D1-92B2-A77BC6389908} = {EA009B18-F1D8-40E6-93D5-C46BEF067564}
		{BB24D326-EF9A-4EF3-A2C0-729F4C05F568} = {EA009B18-F1D8-40E6-93D5-C46BEF067564}
		{0A67F7CD-5CBE-4B52-AB5B-B6F9ED54AB7C} = {EA009B18-F1D8-40E6-93D5-C46BEF067564}
		{28151DA6-17CC-4F54-BE5F-94F9EA84EB36} = {D2C80C1F-B186-4992-AAD0-5AA1168BFB87}
	EndGlobalSection
	GlobalSection(ExtensibilityGlobals) = postSolution
		SolutionGuid = {91AE9782-0D3F-4611-8C40-D29647166E70}
	EndGlobalSection
EndGlobal
