
Microsoft Visual Studio Solution File, Format Version 12.00
# Visual Studio Version 17
VisualStudioVersion = 17.2.32602.215
MinimumVisualStudioVersion = 10.0.40219.1
Project("{9A19103F-16F7-4668-BE54-9A1E7A4F7556}") = "Alfateam", "Alfateam\Alfateam.csproj", "{247B5478-353A-4AE7-B13B-12C83BB89891}"
EndProject
Project("{9A19103F-16F7-4668-BE54-9A1E7A4F7556}") = "Alfateam.Database", "Alfateam.Models\Alfateam.Database.csproj", "{6FA28072-D55E-4259-BCB9-2C117F52511F}"
EndProject
Project("{9A19103F-16F7-4668-BE54-9A1E7A4F7556}") = "Alfateam.CRM2_0.Models", "Alfateam.CRM2_0.Models\Alfateam.CRM2_0.Models.csproj", "{1D950189-28EE-49FB-82F3-959ED7802047}"
EndProject
Project("{9A19103F-16F7-4668-BE54-9A1E7A4F7556}") = "Alfateam2.0.Models", "Alfateam2.0.Models\Alfateam2.0.Models.csproj", "{27AB9DA3-27F9-4554-A030-E784E28A414C}"
EndProject
Project("{9A19103F-16F7-4668-BE54-9A1E7A4F7556}") = "Alfateam.DB", "Alfateam.DB\Alfateam.DB.csproj", "{47A52048-B1CE-4C70-93EA-0990B1C6DFCF}"
EndProject
Project("{9A19103F-16F7-4668-BE54-9A1E7A4F7556}") = "Alfateam.Website.API", "Alfateam.Website.API\Alfateam.Website.API.csproj", "{517A90FF-457C-4343-BCC7-B42A55B23DE0}"
EndProject
Project("{9A19103F-16F7-4668-BE54-9A1E7A4F7556}") = "Alfateam.Gateways", "Alfateam.Gateways\Alfateam.Gateways.csproj", "{532BF729-4BA9-443D-9586-8B1F2BB55F04}"
EndProject
Project("{9A19103F-16F7-4668-BE54-9A1E7A4F7556}") = "Alfateam.EDM.API", "Alfateam.EDM.API\Alfateam.EDM.API.csproj", "{F6436F3B-B42C-43D6-862A-594E0FFF6A2A}"
EndProject
Project("{9A19103F-16F7-4668-BE54-9A1E7A4F7556}") = "Alfateam.EDM.Models", "Alfateam.EDM.Models\Alfateam.EDM.Models.csproj", "{B02D91A0-8741-476F-AE3E-622CADE72CC0}"
EndProject
Project("{9A19103F-16F7-4668-BE54-9A1E7A4F7556}") = "Alfateam.ID.API", "Alfateam.ID\Alfateam.ID.API.csproj", "{805AD435-9CE9-44F4-BE0D-91446BF10AD9}"
EndProject
Project("{9A19103F-16F7-4668-BE54-9A1E7A4F7556}") = "Alfateam.ID.Models", "Alfateam.ID.Models\Alfateam.ID.Models.csproj", "{9FF6C48C-21E7-4229-86B4-856D0A91A56B}"
EndProject
Project("{9A19103F-16F7-4668-BE54-9A1E7A4F7556}") = "Alfateam.Core", "Alfateam.Core\Alfateam.Core.csproj", "{041EC0B9-2562-4201-9DE1-A1C6C3539A5B}"
EndProject
Project("{9A19103F-16F7-4668-BE54-9A1E7A4F7556}") = "Alfateam.Messenger.Models", "Alfateam.Messenger.Models\Alfateam.Messenger.Models.csproj", "{4AD45D80-FBF6-4B6C-952D-DBA555561E53}"
EndProject
Project("{9A19103F-16F7-4668-BE54-9A1E7A4F7556}") = "Alfateam.Messenger.API", "Alfateam.Messenger\Alfateam.Messenger.API.csproj", "{4CEE87A8-1060-4D89-B695-9D835D9A052A}"
EndProject
Project("{9A19103F-16F7-4668-BE54-9A1E7A4F7556}") = "Alfateam.Messenger.Lib", "Alfateam.Messenger.Lib\Alfateam.Messenger.Lib.csproj", "{4D95B36B-DF1C-4BC0-A49C-6F5CDEC98BF9}"
EndProject
Project("{9A19103F-16F7-4668-BE54-9A1E7A4F7556}") = "Alfateam.Messenger.Models.DTO", "Alfateam.Messenger.Models.DTO\Alfateam.Messenger.Models.DTO.csproj", "{79DEEB79-ABBC-41CD-8BD6-2240EF82D076}"
EndProject
Project("{2150E333-8FDC-42A3-9474-1A3956D46DE8}") = "Messenger", "Messenger", "{32F98715-830A-4B65-A652-EDC60358CC3F}"
EndProject
Project("{9A19103F-16F7-4668-BE54-9A1E7A4F7556}") = "ConsoleApp1", "ConsoleApp1\ConsoleApp1.csproj", "{9271A8E3-799E-409D-A28C-DD77D5A4D204}"
EndProject
Project("{9A19103F-16F7-4668-BE54-9A1E7A4F7556}") = "Alfateam.CertificationCenter.Models", "Alfateam.CerticationCenter.Models\Alfateam.CertificationCenter.Models.csproj", "{49CAD9BE-EEB8-4A12-A98D-948D941302F8}"
EndProject
Project("{9A19103F-16F7-4668-BE54-9A1E7A4F7556}") = "Alfateam.CertificationCenter.API", "Alfateam.CertificationCenter\Alfateam.CertificationCenter.API.csproj", "{BD70C2F1-5321-4DA6-8257-86210C1FA58D}"
EndProject
Project("{2150E333-8FDC-42A3-9474-1A3956D46DE8}") = "Administration", "Administration", "{EA009B18-F1D8-40E6-93D5-C46BEF067564}"
EndProject
Project("{9A19103F-16F7-4668-BE54-9A1E7A4F7556}") = "Alfateam.AdminPanelGeneral.API", "Alfateam.AdminPanelGeneral\Alfateam.AdminPanelGeneral.API.csproj", "{27F2976B-A73B-42D1-92B2-A77BC6389908}"
EndProject
Project("{9A19103F-16F7-4668-BE54-9A1E7A4F7556}") = "Alfateam.Administration.Models", "Alfateam.Administration.Models\Alfateam.Administration.Models.csproj", "{BB24D326-EF9A-4EF3-A2C0-729F4C05F568}"
EndProject
Project("{2150E333-8FDC-42A3-9474-1A3956D46DE8}") = "EDM", "EDM", "{AF4D1143-45AA-4BDB-AFB3-38A266955EC0}"
EndProject
Project("{2150E333-8FDC-42A3-9474-1A3956D46DE8}") = "Website", "Website", "{EEE1699F-F5FF-41A5-BAB7-E6CBEDF078BF}"
EndProject
Project("{2150E333-8FDC-42A3-9474-1A3956D46DE8}") = "CertCenter", "CertCenter", "{D2C80C1F-B186-4992-AAD0-5AA1168BFB87}"
EndProject
Project("{2150E333-8FDC-42A3-9474-1A3956D46DE8}") = "OldWebsite", "OldWebsite", "{38F38BFB-E005-4FE7-AFD1-0EB14D056F39}"
EndProject
Project("{2150E333-8FDC-42A3-9474-1A3956D46DE8}") = "ID", "ID", "{4601018F-578F-4ADB-8E34-0DC6D36E5427}"
EndProject
Project("{9A19103F-16F7-4668-BE54-9A1E7A4F7556}") = "Alfateam.CertificationCenter.Models.DTO", "Alfateam.CertificationCenter.Models.DTO\Alfateam.CertificationCenter.Models.DTO.csproj", "{28151DA6-17CC-4F54-BE5F-94F9EA84EB36}"
EndProject
Project("{2150E333-8FDC-42A3-9474-1A3956D46DE8}") = "HR", "HR", "{3A79EA1A-2B9D-4752-8482-47F3FA71AB09}"
EndProject
Project("{2150E333-8FDC-42A3-9474-1A3956D46DE8}") = "Sales", "Sales", "{38064930-DFD6-4FDE-A5A5-150C5DB0D01B}"
EndProject
Project("{2150E333-8FDC-42A3-9474-1A3956D46DE8}") = "Finances", "Finances", "{FF7DBD41-FA44-4AF1-B271-C7805AF5AC7B}"
EndProject
Project("{2150E333-8FDC-42A3-9474-1A3956D46DE8}") = "TimeTracker", "TimeTracker", "{4C52614F-422D-4FAD-B231-240319BD82D5}"
EndProject
Project("{2150E333-8FDC-42A3-9474-1A3956D46DE8}") = "CRM", "CRM", "{AEFD6929-ECDB-4392-849F-7FB5DABA3A80}"
EndProject
Project("{2150E333-8FDC-42A3-9474-1A3956D46DE8}") = "Telephony", "Telephony", "{BA742C09-8E0E-489C-B80F-B70CA96C6E34}"
EndProject
Project("{2150E333-8FDC-42A3-9474-1A3956D46DE8}") = "Conference", "Conference", "{0FC6CB41-4A9B-4900-84A0-5777210937A3}"
EndProject
Project("{2150E333-8FDC-42A3-9474-1A3956D46DE8}") = "Inquiry", "Inquiry", "{03A4A13C-B9D4-4F5D-8BEE-673C9B8A93C2}"
EndProject
Project("{9A19103F-16F7-4668-BE54-9A1E7A4F7556}") = "Alfateam.Sales.Models", "Alfateam.Sales.Models\Alfateam.Sales.Models.csproj", "{62252E94-77D9-4F45-8D69-D99B2598E116}"
EndProject
Project("{9A19103F-16F7-4668-BE54-9A1E7A4F7556}") = "Alfateam.Sales.API", "Alfateam.Sales.API\Alfateam.Sales.API.csproj", "{99645679-6C32-4BBB-BF89-5ABAC1DCAD0D}"
EndProject
Project("{9A19103F-16F7-4668-BE54-9A1E7A4F7556}") = "Alfateam.PaymentGateways", "Alfateam.PaymentGateways\Alfateam.PaymentGateways.csproj", "{E8A206F3-B0BC-48B4-98D8-5EA427A5E7DE}"
EndProject
Project("{2150E333-8FDC-42A3-9474-1A3956D46DE8}") = "Marketing", "Marketing", "{ADCAFC78-69BA-434C-8C8B-40B27EFCD586}"
EndProject
Project("{9A19103F-16F7-4668-BE54-9A1E7A4F7556}") = "Alfateam.Marketing.Models", "Alfateam.Marketing.Models\Alfateam.Marketing.Models.csproj", "{3CCF07B0-B461-4B83-B7BD-43445ABE5964}"
EndProject
Project("{2150E333-8FDC-42A3-9474-1A3956D46DE8}") = "KnowledgeBase", "KnowledgeBase", "{388AFD0D-7DD8-4E13-A0ED-FE7130B52217}"
EndProject
Project("{2150E333-8FDC-42A3-9474-1A3956D46DE8}") = "Services", "Services", "{0C24D02A-0C27-4CA4-9511-C8DBB13C9FD5}"
EndProject
Project("{2150E333-8FDC-42A3-9474-1A3956D46DE8}") = "CurrencyRates", "CurrencyRates", "{03AD405F-EBD4-43CF-BF00-5CA23C447BDF}"
EndProject
Project("{9A19103F-16F7-4668-BE54-9A1E7A4F7556}") = "Alfateam.Services.CurrencyRates.Models", "Alfateam.Services.CurrencyRates.Models\Alfateam.Services.CurrencyRates.Models.csproj", "{8776D9D9-E36F-42D9-B935-23CA00246832}"
EndProject
Project("{9A19103F-16F7-4668-BE54-9A1E7A4F7556}") = "Alfateam.Services.CurrencyRates.API", "Alfateam.Services.CurrencyRates.API\Alfateam.Services.CurrencyRates.API.csproj", "{2D8AFFC2-2C95-4555-9080-786C70C5D3E5}"
EndProject
Project("{9A19103F-16F7-4668-BE54-9A1E7A4F7556}") = "Alfateam.SharedModels", "Alfateam.SharedModels\Alfateam.SharedModels.csproj", "{F395256F-8E1C-4019-B2FF-54CEC2DDB5E1}"
EndProject
Project("{9A19103F-16F7-4668-BE54-9A1E7A4F7556}") = "Alfateam.SMSGateways", "Alfateam.SMSGateways\Alfateam.SMSGateways.csproj", "{973B73AF-1E8F-4F25-9E46-F6743D724215}"
EndProject
Project("{9A19103F-16F7-4668-BE54-9A1E7A4F7556}") = "Alfateam.Telephony.Models", "Alfateam.Telephony.Models\Alfateam.Telephony.Models.csproj", "{4A96AE94-896F-4903-9CF7-DFE777DB38DD}"
EndProject
Project("{9A19103F-16F7-4668-BE54-9A1E7A4F7556}") = "Alfateam.Marketing.API", "Alfateam.Marketing.API\Alfateam.Marketing.API.csproj", "{A4F1CC5A-536A-48EC-905D-6575BDCD17F0}"
EndProject
Project("{9A19103F-16F7-4668-BE54-9A1E7A4F7556}") = "Alfateam.Telephony.API", "Alfateam.Telephony.API\Alfateam.Telephony.API.csproj", "{02481846-0D33-4EF7-A7E1-87D27BC64B46}"
EndProject
Project("{9A19103F-16F7-4668-BE54-9A1E7A4F7556}") = "Alfateam.Marketing.Autoposting.Lib", "Alfateam.Marketing.Autoposting.Lib\Alfateam.Marketing.Autoposting.Lib.csproj", "{DF8BA61D-9649-4F65-AB9F-3B78DA40D80A}"
EndProject
Project("{9A19103F-16F7-4668-BE54-9A1E7A4F7556}") = "Alfateam.Marketing.Lettering.Lib", "Alfateam.Marketing.Lettering.Lib\Alfateam.Marketing.Lettering.Lib.csproj", "{F1BD9A99-949D-4AF4-A4C2-CF5836BE7306}"
EndProject
Project("{9A19103F-16F7-4668-BE54-9A1E7A4F7556}") = "Alfateam.Marketing.SEO.Lib", "Alfateam.Marketing.SEO.Lib\Alfateam.Marketing.SEO.Lib.csproj", "{2E6AFE61-E2B6-4E9B-AFDA-083DAD2F6D85}"
EndProject
Project("{9A19103F-16F7-4668-BE54-9A1E7A4F7556}") = "Alfateam.SharedModels.DTO", "Alfateam.SharedModels.DTO\Alfateam.SharedModels.DTO.csproj", "{3E73AE9E-0607-4753-A21D-F6CFA4C53027}"
EndProject
Project("{9A19103F-16F7-4668-BE54-9A1E7A4F7556}") = "Alfateam.Marketing.AppsFlyerRestClient", "Alfateam.Marketing.AppsFlyerRestClient\Alfateam.Marketing.AppsFlyerRestClient.csproj", "{A325443D-F8E8-41C2-86A4-2DFE14E917B1}"
EndProject
Project("{9A19103F-16F7-4668-BE54-9A1E7A4F7556}") = "Alfateam.Marketing.YandexWebmasterRestClient", "Alfateam.Marketing.YandexWebmasterRestClient\Alfateam.Marketing.YandexWebmasterRestClient.csproj", "{1EC51CDD-78C9-45E4-9FB0-E574DA2FAC9F}"
EndProject
Project("{9A19103F-16F7-4668-BE54-9A1E7A4F7556}") = "Alfateam.Marketing.YandexMetrikaRestClient", "Alfateam.Marketing.YandexMetrikaRestClient\Alfateam.Marketing.YandexMetrikaRestClient.csproj", "{8707EF70-BC68-42CB-A459-49AFC9D6C3C9}"
EndProject
Project("{9A19103F-16F7-4668-BE54-9A1E7A4F7556}") = "Alfateam.Marketing.YandexAppMetrikaRestClient", "Alfateam.Marketing.YandexAppMetrikaRestClient\Alfateam.Marketing.YandexAppMetrikaRestClient.csproj", "{8A23986C-21F7-4F34-938B-C38F5F37A343}"
EndProject
Project("{9A19103F-16F7-4668-BE54-9A1E7A4F7556}") = "Alfateam.Marketing.YandexDirectRestClient", "Alfateam.Marketing.YandexDirectRestClient\Alfateam.Marketing.YandexDirectRestClient.csproj", "{132EB339-C577-4446-B833-0676C80AF3FB}"
EndProject
Project("{9A19103F-16F7-4668-BE54-9A1E7A4F7556}") = "Alfateam.Marketing.FacebookAdsRestClient", "Alfateam.Marketing.FacebookAdsRestClient\Alfateam.Marketing.FacebookAdsRestClient.csproj", "{A19833C7-377D-4036-85C4-B1976786308C}"
EndProject
Project("{9A19103F-16F7-4668-BE54-9A1E7A4F7556}") = "Alfateam.SitemapXMLGenerator", "Alfateam.SitemapXMLGenerator\Alfateam.SitemapXMLGenerator.csproj", "{56560118-3687-4F09-998C-29C7E6332744}"
EndProject
Project("{9A19103F-16F7-4668-BE54-9A1E7A4F7556}") = "Alfateam.ForPubilcWebsites.API", "Alfateam.ForPubilcWebsites.API\Alfateam.ForPubilcWebsites.API.csproj", "{A34C8849-F9CA-4D9C-BAB4-F64717C8D689}"
EndProject
Project("{9A19103F-16F7-4668-BE54-9A1E7A4F7556}") = "Alfateam.Administration.Models.DTO", "Alfateam.Administration.Models.DTO\Alfateam.Administration.Models.DTO.csproj", "{DFB7998B-D666-4C17-B87C-08E77091AC11}"
EndProject
Project("{9A19103F-16F7-4668-BE54-9A1E7A4F7556}") = "Alfateam.ID.Models.DTO", "Alfateam.ID.Models.DTO\Alfateam.ID.Models.DTO.csproj", "{46F066D7-C8E1-453E-8DDC-37FDAD501399}"
EndProject
Project("{2150E333-8FDC-42A3-9474-1A3956D46DE8}") = "TicketSystem", "TicketSystem", "{5DBA8200-EC60-4DF7-8B00-26695AFB2E3D}"
EndProject
Project("{9A19103F-16F7-4668-BE54-9A1E7A4F7556}") = "Alfateam.TicketSystem.Models", "Alfateam.TicketSystem.Models\Alfateam.TicketSystem.Models.csproj", "{DFF0C33A-6868-4D39-946F-843274C3E3AA}"
EndProject
Project("{9A19103F-16F7-4668-BE54-9A1E7A4F7556}") = "Alfateam.TicketSystem.Models.DTO", "Alfateam.TicketSystem.Models.DTO\Alfateam.TicketSystem.Models.DTO.csproj", "{F04A65CF-1450-46AD-B6AF-1E98B1C3D8AD}"
EndProject
Project("{9A19103F-16F7-4668-BE54-9A1E7A4F7556}") = "Alfateam.TicketSystem.API", "Alfateam.TicketSystem.API\Alfateam.TicketSystem.API.csproj", "{F91974D5-FD27-439B-A002-2FA10E152FC2}"
EndProject
Project("{9A19103F-16F7-4668-BE54-9A1E7A4F7556}") = "Alfateam.CertGenerators", "Alfateam.CertGenerators\Alfateam.CertGenerators.csproj", "{FB6FD97E-C4FD-4AD1-8DE6-B8EE3F260BDD}"
EndProject
Project("{2150E333-8FDC-42A3-9474-1A3956D46DE8}") = "EDSSigningApp", "EDSSigningApp", "{07305A79-7E3C-446C-AE47-E3FE682D04DF}"
EndProject
Project("{9A19103F-16F7-4668-BE54-9A1E7A4F7556}") = "Alfateam.EDSSigningApp", "Alfateam.EDSSigningApp\Alfateam.EDSSigningApp.csproj", "{04F272E1-156B-432D-88B1-8AEFC3533F0C}"
EndProject
Project("{9A19103F-16F7-4668-BE54-9A1E7A4F7556}") = "Alfateam.DB.Services", "Alfateam.DB.Services\Alfateam.DB.Services.csproj", "{98E5CBFF-A791-4D59-B869-11D89D7402E7}"
EndProject
Project("{FAE04EC0-301F-11D3-BF4B-00C04F79EFBC}") = "Alfateam.EDM.API.Models.DTO", "Alfateam.EDM.API.Models.DTO\Alfateam.EDM.API.Models.DTO.csproj", "{97A71EA8-D46B-4BFC-9CC1-9BC5D37AF9A8}"
EndProject
Project("{FAE04EC0-301F-11D3-BF4B-00C04F79EFBC}") = "Alfateam.Telephony.API.Models.DTO", "Alfateam.Telephony.API.Models.DTO\Alfateam.Telephony.API.Models.DTO.csproj", "{E2CD21BA-8D9F-4400-B258-FFD3F35F3B5C}"
EndProject
Project("{FAE04EC0-301F-11D3-BF4B-00C04F79EFBC}") = "Alfateam.Sales.API.Models.DTO", "Alfateam.Sales.API.Models.DTO\Alfateam.Sales.API.Models.DTO.csproj", "{F8D45FF5-BD18-43CA-BF0A-31B804622302}"
EndProject
Project("{FAE04EC0-301F-11D3-BF4B-00C04F79EFBC}") = "Alfateam.Marketing.API.Models.DTO", "Alfateam.Marketing.API.Models.DTO\Alfateam.Marketing.API.Models.DTO.csproj", "{8D3F9FB9-83B7-428B-85B5-97146D0D74F6}"
EndProject
Global
	GlobalSection(SolutionConfigurationPlatforms) = preSolution
		Debug|Any CPU = Debug|Any CPU
		Release|Any CPU = Release|Any CPU
	EndGlobalSection
	GlobalSection(ProjectConfigurationPlatforms) = postSolution
		{247B5478-353A-4AE7-B13B-12C83BB89891}.Debug|Any CPU.ActiveCfg = Debug|Any CPU
		{247B5478-353A-4AE7-B13B-12C83BB89891}.Debug|Any CPU.Build.0 = Debug|Any CPU
		{247B5478-353A-4AE7-B13B-12C83BB89891}.Release|Any CPU.ActiveCfg = Release|Any CPU
		{247B5478-353A-4AE7-B13B-12C83BB89891}.Release|Any CPU.Build.0 = Release|Any CPU
		{6FA28072-D55E-4259-BCB9-2C117F52511F}.Debug|Any CPU.ActiveCfg = Debug|Any CPU
		{6FA28072-D55E-4259-BCB9-2C117F52511F}.Debug|Any CPU.Build.0 = Debug|Any CPU
		{6FA28072-D55E-4259-BCB9-2C117F52511F}.Release|Any CPU.ActiveCfg = Release|Any CPU
		{6FA28072-D55E-4259-BCB9-2C117F52511F}.Release|Any CPU.Build.0 = Release|Any CPU
		{1D950189-28EE-49FB-82F3-959ED7802047}.Debug|Any CPU.ActiveCfg = Debug|Any CPU
		{1D950189-28EE-49FB-82F3-959ED7802047}.Debug|Any CPU.Build.0 = Debug|Any CPU
		{1D950189-28EE-49FB-82F3-959ED7802047}.Release|Any CPU.ActiveCfg = Release|Any CPU
		{1D950189-28EE-49FB-82F3-959ED7802047}.Release|Any CPU.Build.0 = Release|Any CPU
		{27AB9DA3-27F9-4554-A030-E784E28A414C}.Debug|Any CPU.ActiveCfg = Debug|Any CPU
		{27AB9DA3-27F9-4554-A030-E784E28A414C}.Debug|Any CPU.Build.0 = Debug|Any CPU
		{27AB9DA3-27F9-4554-A030-E784E28A414C}.Release|Any CPU.ActiveCfg = Release|Any CPU
		{27AB9DA3-27F9-4554-A030-E784E28A414C}.Release|Any CPU.Build.0 = Release|Any CPU
		{47A52048-B1CE-4C70-93EA-0990B1C6DFCF}.Debug|Any CPU.ActiveCfg = Debug|Any CPU
		{47A52048-B1CE-4C70-93EA-0990B1C6DFCF}.Debug|Any CPU.Build.0 = Debug|Any CPU
		{47A52048-B1CE-4C70-93EA-0990B1C6DFCF}.Release|Any CPU.ActiveCfg = Release|Any CPU
		{47A52048-B1CE-4C70-93EA-0990B1C6DFCF}.Release|Any CPU.Build.0 = Release|Any CPU
		{517A90FF-457C-4343-BCC7-B42A55B23DE0}.Debug|Any CPU.ActiveCfg = Debug|Any CPU
		{517A90FF-457C-4343-BCC7-B42A55B23DE0}.Debug|Any CPU.Build.0 = Debug|Any CPU
		{517A90FF-457C-4343-BCC7-B42A55B23DE0}.Release|Any CPU.ActiveCfg = Release|Any CPU
		{517A90FF-457C-4343-BCC7-B42A55B23DE0}.Release|Any CPU.Build.0 = Release|Any CPU
		{532BF729-4BA9-443D-9586-8B1F2BB55F04}.Debug|Any CPU.ActiveCfg = Debug|Any CPU
		{532BF729-4BA9-443D-9586-8B1F2BB55F04}.Debug|Any CPU.Build.0 = Debug|Any CPU
		{532BF729-4BA9-443D-9586-8B1F2BB55F04}.Release|Any CPU.ActiveCfg = Release|Any CPU
		{532BF729-4BA9-443D-9586-8B1F2BB55F04}.Release|Any CPU.Build.0 = Release|Any CPU
		{F6436F3B-B42C-43D6-862A-594E0FFF6A2A}.Debug|Any CPU.ActiveCfg = Debug|Any CPU
		{F6436F3B-B42C-43D6-862A-594E0FFF6A2A}.Debug|Any CPU.Build.0 = Debug|Any CPU
		{F6436F3B-B42C-43D6-862A-594E0FFF6A2A}.Release|Any CPU.ActiveCfg = Release|Any CPU
		{F6436F3B-B42C-43D6-862A-594E0FFF6A2A}.Release|Any CPU.Build.0 = Release|Any CPU
		{B02D91A0-8741-476F-AE3E-622CADE72CC0}.Debug|Any CPU.ActiveCfg = Debug|Any CPU
		{B02D91A0-8741-476F-AE3E-622CADE72CC0}.Debug|Any CPU.Build.0 = Debug|Any CPU
		{B02D91A0-8741-476F-AE3E-622CADE72CC0}.Release|Any CPU.ActiveCfg = Release|Any CPU
		{B02D91A0-8741-476F-AE3E-622CADE72CC0}.Release|Any CPU.Build.0 = Release|Any CPU
		{805AD435-9CE9-44F4-BE0D-91446BF10AD9}.Debug|Any CPU.ActiveCfg = Debug|Any CPU
		{805AD435-9CE9-44F4-BE0D-91446BF10AD9}.Debug|Any CPU.Build.0 = Debug|Any CPU
		{805AD435-9CE9-44F4-BE0D-91446BF10AD9}.Release|Any CPU.ActiveCfg = Release|Any CPU
		{805AD435-9CE9-44F4-BE0D-91446BF10AD9}.Release|Any CPU.Build.0 = Release|Any CPU
		{9FF6C48C-21E7-4229-86B4-856D0A91A56B}.Debug|Any CPU.ActiveCfg = Debug|Any CPU
		{9FF6C48C-21E7-4229-86B4-856D0A91A56B}.Debug|Any CPU.Build.0 = Debug|Any CPU
		{9FF6C48C-21E7-4229-86B4-856D0A91A56B}.Release|Any CPU.ActiveCfg = Release|Any CPU
		{9FF6C48C-21E7-4229-86B4-856D0A91A56B}.Release|Any CPU.Build.0 = Release|Any CPU
		{041EC0B9-2562-4201-9DE1-A1C6C3539A5B}.Debug|Any CPU.ActiveCfg = Debug|Any CPU
		{041EC0B9-2562-4201-9DE1-A1C6C3539A5B}.Debug|Any CPU.Build.0 = Debug|Any CPU
		{041EC0B9-2562-4201-9DE1-A1C6C3539A5B}.Release|Any CPU.ActiveCfg = Release|Any CPU
		{041EC0B9-2562-4201-9DE1-A1C6C3539A5B}.Release|Any CPU.Build.0 = Release|Any CPU
		{4AD45D80-FBF6-4B6C-952D-DBA555561E53}.Debug|Any CPU.ActiveCfg = Debug|Any CPU
		{4AD45D80-FBF6-4B6C-952D-DBA555561E53}.Debug|Any CPU.Build.0 = Debug|Any CPU
		{4AD45D80-FBF6-4B6C-952D-DBA555561E53}.Release|Any CPU.ActiveCfg = Release|Any CPU
		{4AD45D80-FBF6-4B6C-952D-DBA555561E53}.Release|Any CPU.Build.0 = Release|Any CPU
		{4CEE87A8-1060-4D89-B695-9D835D9A052A}.Debug|Any CPU.ActiveCfg = Debug|Any CPU
		{4CEE87A8-1060-4D89-B695-9D835D9A052A}.Debug|Any CPU.Build.0 = Debug|Any CPU
		{4CEE87A8-1060-4D89-B695-9D835D9A052A}.Release|Any CPU.ActiveCfg = Release|Any CPU
		{4CEE87A8-1060-4D89-B695-9D835D9A052A}.Release|Any CPU.Build.0 = Release|Any CPU
		{4D95B36B-DF1C-4BC0-A49C-6F5CDEC98BF9}.Debug|Any CPU.ActiveCfg = Debug|Any CPU
		{4D95B36B-DF1C-4BC0-A49C-6F5CDEC98BF9}.Debug|Any CPU.Build.0 = Debug|Any CPU
		{4D95B36B-DF1C-4BC0-A49C-6F5CDEC98BF9}.Release|Any CPU.ActiveCfg = Release|Any CPU
		{4D95B36B-DF1C-4BC0-A49C-6F5CDEC98BF9}.Release|Any CPU.Build.0 = Release|Any CPU
		{79DEEB79-ABBC-41CD-8BD6-2240EF82D076}.Debug|Any CPU.ActiveCfg = Debug|Any CPU
		{79DEEB79-ABBC-41CD-8BD6-2240EF82D076}.Debug|Any CPU.Build.0 = Debug|Any CPU
		{79DEEB79-ABBC-41CD-8BD6-2240EF82D076}.Release|Any CPU.ActiveCfg = Release|Any CPU
		{79DEEB79-ABBC-41CD-8BD6-2240EF82D076}.Release|Any CPU.Build.0 = Release|Any CPU
		{9271A8E3-799E-409D-A28C-DD77D5A4D204}.Debug|Any CPU.ActiveCfg = Debug|Any CPU
		{9271A8E3-799E-409D-A28C-DD77D5A4D204}.Debug|Any CPU.Build.0 = Debug|Any CPU
		{9271A8E3-799E-409D-A28C-DD77D5A4D204}.Release|Any CPU.ActiveCfg = Release|Any CPU
		{9271A8E3-799E-409D-A28C-DD77D5A4D204}.Release|Any CPU.Build.0 = Release|Any CPU
		{49CAD9BE-EEB8-4A12-A98D-948D941302F8}.Debug|Any CPU.ActiveCfg = Debug|Any CPU
		{49CAD9BE-EEB8-4A12-A98D-948D941302F8}.Debug|Any CPU.Build.0 = Debug|Any CPU
		{49CAD9BE-EEB8-4A12-A98D-948D941302F8}.Release|Any CPU.ActiveCfg = Release|Any CPU
		{49CAD9BE-EEB8-4A12-A98D-948D941302F8}.Release|Any CPU.Build.0 = Release|Any CPU
		{BD70C2F1-5321-4DA6-8257-86210C1FA58D}.Debug|Any CPU.ActiveCfg = Debug|Any CPU
		{BD70C2F1-5321-4DA6-8257-86210C1FA58D}.Debug|Any CPU.Build.0 = Debug|Any CPU
		{BD70C2F1-5321-4DA6-8257-86210C1FA58D}.Release|Any CPU.ActiveCfg = Release|Any CPU
		{BD70C2F1-5321-4DA6-8257-86210C1FA58D}.Release|Any CPU.Build.0 = Release|Any CPU
		{27F2976B-A73B-42D1-92B2-A77BC6389908}.Debug|Any CPU.ActiveCfg = Debug|Any CPU
		{27F2976B-A73B-42D1-92B2-A77BC6389908}.Debug|Any CPU.Build.0 = Debug|Any CPU
		{27F2976B-A73B-42D1-92B2-A77BC6389908}.Release|Any CPU.ActiveCfg = Release|Any CPU
		{27F2976B-A73B-42D1-92B2-A77BC6389908}.Release|Any CPU.Build.0 = Release|Any CPU
		{BB24D326-EF9A-4EF3-A2C0-729F4C05F568}.Debug|Any CPU.ActiveCfg = Debug|Any CPU
		{BB24D326-EF9A-4EF3-A2C0-729F4C05F568}.Debug|Any CPU.Build.0 = Debug|Any CPU
		{BB24D326-EF9A-4EF3-A2C0-729F4C05F568}.Release|Any CPU.ActiveCfg = Release|Any CPU
		{BB24D326-EF9A-4EF3-A2C0-729F4C05F568}.Release|Any CPU.Build.0 = Release|Any CPU
		{28151DA6-17CC-4F54-BE5F-94F9EA84EB36}.Debug|Any CPU.ActiveCfg = Debug|Any CPU
		{28151DA6-17CC-4F54-BE5F-94F9EA84EB36}.Debug|Any CPU.Build.0 = Debug|Any CPU
		{28151DA6-17CC-4F54-BE5F-94F9EA84EB36}.Release|Any CPU.ActiveCfg = Release|Any CPU
		{28151DA6-17CC-4F54-BE5F-94F9EA84EB36}.Release|Any CPU.Build.0 = Release|Any CPU
		{62252E94-77D9-4F45-8D69-D99B2598E116}.Debug|Any CPU.ActiveCfg = Debug|Any CPU
		{62252E94-77D9-4F45-8D69-D99B2598E116}.Debug|Any CPU.Build.0 = Debug|Any CPU
		{62252E94-77D9-4F45-8D69-D99B2598E116}.Release|Any CPU.ActiveCfg = Release|Any CPU
		{62252E94-77D9-4F45-8D69-D99B2598E116}.Release|Any CPU.Build.0 = Release|Any CPU
		{99645679-6C32-4BBB-BF89-5ABAC1DCAD0D}.Debug|Any CPU.ActiveCfg = Debug|Any CPU
		{99645679-6C32-4BBB-BF89-5ABAC1DCAD0D}.Debug|Any CPU.Build.0 = Debug|Any CPU
		{99645679-6C32-4BBB-BF89-5ABAC1DCAD0D}.Release|Any CPU.ActiveCfg = Release|Any CPU
		{99645679-6C32-4BBB-BF89-5ABAC1DCAD0D}.Release|Any CPU.Build.0 = Release|Any CPU
		{E8A206F3-B0BC-48B4-98D8-5EA427A5E7DE}.Debug|Any CPU.ActiveCfg = Debug|Any CPU
		{E8A206F3-B0BC-48B4-98D8-5EA427A5E7DE}.Debug|Any CPU.Build.0 = Debug|Any CPU
		{E8A206F3-B0BC-48B4-98D8-5EA427A5E7DE}.Release|Any CPU.ActiveCfg = Release|Any CPU
		{E8A206F3-B0BC-48B4-98D8-5EA427A5E7DE}.Release|Any CPU.Build.0 = Release|Any CPU
		{3CCF07B0-B461-4B83-B7BD-43445ABE5964}.Debug|Any CPU.ActiveCfg = Debug|Any CPU
		{3CCF07B0-B461-4B83-B7BD-43445ABE5964}.Debug|Any CPU.Build.0 = Debug|Any CPU
		{3CCF07B0-B461-4B83-B7BD-43445ABE5964}.Release|Any CPU.ActiveCfg = Release|Any CPU
		{3CCF07B0-B461-4B83-B7BD-43445ABE5964}.Release|Any CPU.Build.0 = Release|Any CPU
		{8776D9D9-E36F-42D9-B935-23CA00246832}.Debug|Any CPU.ActiveCfg = Debug|Any CPU
		{8776D9D9-E36F-42D9-B935-23CA00246832}.Debug|Any CPU.Build.0 = Debug|Any CPU
		{8776D9D9-E36F-42D9-B935-23CA00246832}.Release|Any CPU.ActiveCfg = Release|Any CPU
		{8776D9D9-E36F-42D9-B935-23CA00246832}.Release|Any CPU.Build.0 = Release|Any CPU
		{2D8AFFC2-2C95-4555-9080-786C70C5D3E5}.Debug|Any CPU.ActiveCfg = Debug|Any CPU
		{2D8AFFC2-2C95-4555-9080-786C70C5D3E5}.Debug|Any CPU.Build.0 = Debug|Any CPU
		{2D8AFFC2-2C95-4555-9080-786C70C5D3E5}.Release|Any CPU.ActiveCfg = Release|Any CPU
		{2D8AFFC2-2C95-4555-9080-786C70C5D3E5}.Release|Any CPU.Build.0 = Release|Any CPU
		{F395256F-8E1C-4019-B2FF-54CEC2DDB5E1}.Debug|Any CPU.ActiveCfg = Debug|Any CPU
		{F395256F-8E1C-4019-B2FF-54CEC2DDB5E1}.Debug|Any CPU.Build.0 = Debug|Any CPU
		{F395256F-8E1C-4019-B2FF-54CEC2DDB5E1}.Release|Any CPU.ActiveCfg = Release|Any CPU
		{F395256F-8E1C-4019-B2FF-54CEC2DDB5E1}.Release|Any CPU.Build.0 = Release|Any CPU
		{973B73AF-1E8F-4F25-9E46-F6743D724215}.Debug|Any CPU.ActiveCfg = Debug|Any CPU
		{973B73AF-1E8F-4F25-9E46-F6743D724215}.Debug|Any CPU.Build.0 = Debug|Any CPU
		{973B73AF-1E8F-4F25-9E46-F6743D724215}.Release|Any CPU.ActiveCfg = Release|Any CPU
		{973B73AF-1E8F-4F25-9E46-F6743D724215}.Release|Any CPU.Build.0 = Release|Any CPU
		{4A96AE94-896F-4903-9CF7-DFE777DB38DD}.Debug|Any CPU.ActiveCfg = Debug|Any CPU
		{4A96AE94-896F-4903-9CF7-DFE777DB38DD}.Debug|Any CPU.Build.0 = Debug|Any CPU
		{4A96AE94-896F-4903-9CF7-DFE777DB38DD}.Release|Any CPU.ActiveCfg = Release|Any CPU
		{4A96AE94-896F-4903-9CF7-DFE777DB38DD}.Release|Any CPU.Build.0 = Release|Any CPU
		{A4F1CC5A-536A-48EC-905D-6575BDCD17F0}.Debug|Any CPU.ActiveCfg = Debug|Any CPU
		{A4F1CC5A-536A-48EC-905D-6575BDCD17F0}.Debug|Any CPU.Build.0 = Debug|Any CPU
		{A4F1CC5A-536A-48EC-905D-6575BDCD17F0}.Release|Any CPU.ActiveCfg = Release|Any CPU
		{A4F1CC5A-536A-48EC-905D-6575BDCD17F0}.Release|Any CPU.Build.0 = Release|Any CPU
		{02481846-0D33-4EF7-A7E1-87D27BC64B46}.Debug|Any CPU.ActiveCfg = Debug|Any CPU
		{02481846-0D33-4EF7-A7E1-87D27BC64B46}.Debug|Any CPU.Build.0 = Debug|Any CPU
		{02481846-0D33-4EF7-A7E1-87D27BC64B46}.Release|Any CPU.ActiveCfg = Release|Any CPU
		{02481846-0D33-4EF7-A7E1-87D27BC64B46}.Release|Any CPU.Build.0 = Release|Any CPU
		{DF8BA61D-9649-4F65-AB9F-3B78DA40D80A}.Debug|Any CPU.ActiveCfg = Debug|Any CPU
		{DF8BA61D-9649-4F65-AB9F-3B78DA40D80A}.Debug|Any CPU.Build.0 = Debug|Any CPU
		{DF8BA61D-9649-4F65-AB9F-3B78DA40D80A}.Release|Any CPU.ActiveCfg = Release|Any CPU
		{DF8BA61D-9649-4F65-AB9F-3B78DA40D80A}.Release|Any CPU.Build.0 = Release|Any CPU
		{F1BD9A99-949D-4AF4-A4C2-CF5836BE7306}.Debug|Any CPU.ActiveCfg = Debug|Any CPU
		{F1BD9A99-949D-4AF4-A4C2-CF5836BE7306}.Debug|Any CPU.Build.0 = Debug|Any CPU
		{F1BD9A99-949D-4AF4-A4C2-CF5836BE7306}.Release|Any CPU.ActiveCfg = Release|Any CPU
		{F1BD9A99-949D-4AF4-A4C2-CF5836BE7306}.Release|Any CPU.Build.0 = Release|Any CPU
		{2E6AFE61-E2B6-4E9B-AFDA-083DAD2F6D85}.Debug|Any CPU.ActiveCfg = Debug|Any CPU
		{2E6AFE61-E2B6-4E9B-AFDA-083DAD2F6D85}.Debug|Any CPU.Build.0 = Debug|Any CPU
		{2E6AFE61-E2B6-4E9B-AFDA-083DAD2F6D85}.Release|Any CPU.ActiveCfg = Release|Any CPU
		{2E6AFE61-E2B6-4E9B-AFDA-083DAD2F6D85}.Release|Any CPU.Build.0 = Release|Any CPU
		{3E73AE9E-0607-4753-A21D-F6CFA4C53027}.Debug|Any CPU.ActiveCfg = Debug|Any CPU
		{3E73AE9E-0607-4753-A21D-F6CFA4C53027}.Debug|Any CPU.Build.0 = Debug|Any CPU
		{3E73AE9E-0607-4753-A21D-F6CFA4C53027}.Release|Any CPU.ActiveCfg = Release|Any CPU
		{3E73AE9E-0607-4753-A21D-F6CFA4C53027}.Release|Any CPU.Build.0 = Release|Any CPU
		{A325443D-F8E8-41C2-86A4-2DFE14E917B1}.Debug|Any CPU.ActiveCfg = Debug|Any CPU
		{A325443D-F8E8-41C2-86A4-2DFE14E917B1}.Debug|Any CPU.Build.0 = Debug|Any CPU
		{A325443D-F8E8-41C2-86A4-2DFE14E917B1}.Release|Any CPU.ActiveCfg = Release|Any CPU
		{A325443D-F8E8-41C2-86A4-2DFE14E917B1}.Release|Any CPU.Build.0 = Release|Any CPU
		{1EC51CDD-78C9-45E4-9FB0-E574DA2FAC9F}.Debug|Any CPU.ActiveCfg = Debug|Any CPU
		{1EC51CDD-78C9-45E4-9FB0-E574DA2FAC9F}.Debug|Any CPU.Build.0 = Debug|Any CPU
		{1EC51CDD-78C9-45E4-9FB0-E574DA2FAC9F}.Release|Any CPU.ActiveCfg = Release|Any CPU
		{1EC51CDD-78C9-45E4-9FB0-E574DA2FAC9F}.Release|Any CPU.Build.0 = Release|Any CPU
		{8707EF70-BC68-42CB-A459-49AFC9D6C3C9}.Debug|Any CPU.ActiveCfg = Debug|Any CPU
		{8707EF70-BC68-42CB-A459-49AFC9D6C3C9}.Debug|Any CPU.Build.0 = Debug|Any CPU
		{8707EF70-BC68-42CB-A459-49AFC9D6C3C9}.Release|Any CPU.ActiveCfg = Release|Any CPU
		{8707EF70-BC68-42CB-A459-49AFC9D6C3C9}.Release|Any CPU.Build.0 = Release|Any CPU
		{8A23986C-21F7-4F34-938B-C38F5F37A343}.Debug|Any CPU.ActiveCfg = Debug|Any CPU
		{8A23986C-21F7-4F34-938B-C38F5F37A343}.Debug|Any CPU.Build.0 = Debug|Any CPU
		{8A23986C-21F7-4F34-938B-C38F5F37A343}.Release|Any CPU.ActiveCfg = Release|Any CPU
		{8A23986C-21F7-4F34-938B-C38F5F37A343}.Release|Any CPU.Build.0 = Release|Any CPU
		{132EB339-C577-4446-B833-0676C80AF3FB}.Debug|Any CPU.ActiveCfg = Debug|Any CPU
		{132EB339-C577-4446-B833-0676C80AF3FB}.Debug|Any CPU.Build.0 = Debug|Any CPU
		{132EB339-C577-4446-B833-0676C80AF3FB}.Release|Any CPU.ActiveCfg = Release|Any CPU
		{132EB339-C577-4446-B833-0676C80AF3FB}.Release|Any CPU.Build.0 = Release|Any CPU
		{A19833C7-377D-4036-85C4-B1976786308C}.Debug|Any CPU.ActiveCfg = Debug|Any CPU
		{A19833C7-377D-4036-85C4-B1976786308C}.Debug|Any CPU.Build.0 = Debug|Any CPU
		{A19833C7-377D-4036-85C4-B1976786308C}.Release|Any CPU.ActiveCfg = Release|Any CPU
		{A19833C7-377D-4036-85C4-B1976786308C}.Release|Any CPU.Build.0 = Release|Any CPU
		{56560118-3687-4F09-998C-29C7E6332744}.Debug|Any CPU.ActiveCfg = Debug|Any CPU
		{56560118-3687-4F09-998C-29C7E6332744}.Debug|Any CPU.Build.0 = Debug|Any CPU
		{56560118-3687-4F09-998C-29C7E6332744}.Release|Any CPU.ActiveCfg = Release|Any CPU
		{56560118-3687-4F09-998C-29C7E6332744}.Release|Any CPU.Build.0 = Release|Any CPU
		{A34C8849-F9CA-4D9C-BAB4-F64717C8D689}.Debug|Any CPU.ActiveCfg = Debug|Any CPU
		{A34C8849-F9CA-4D9C-BAB4-F64717C8D689}.Debug|Any CPU.Build.0 = Debug|Any CPU
		{A34C8849-F9CA-4D9C-BAB4-F64717C8D689}.Release|Any CPU.ActiveCfg = Release|Any CPU
		{A34C8849-F9CA-4D9C-BAB4-F64717C8D689}.Release|Any CPU.Build.0 = Release|Any CPU
		{DFB7998B-D666-4C17-B87C-08E77091AC11}.Debug|Any CPU.ActiveCfg = Debug|Any CPU
		{DFB7998B-D666-4C17-B87C-08E77091AC11}.Debug|Any CPU.Build.0 = Debug|Any CPU
		{DFB7998B-D666-4C17-B87C-08E77091AC11}.Release|Any CPU.ActiveCfg = Release|Any CPU
		{DFB7998B-D666-4C17-B87C-08E77091AC11}.Release|Any CPU.Build.0 = Release|Any CPU
		{46F066D7-C8E1-453E-8DDC-37FDAD501399}.Debug|Any CPU.ActiveCfg = Debug|Any CPU
		{46F066D7-C8E1-453E-8DDC-37FDAD501399}.Debug|Any CPU.Build.0 = Debug|Any CPU
		{46F066D7-C8E1-453E-8DDC-37FDAD501399}.Release|Any CPU.ActiveCfg = Release|Any CPU
		{46F066D7-C8E1-453E-8DDC-37FDAD501399}.Release|Any CPU.Build.0 = Release|Any CPU
		{DFF0C33A-6868-4D39-946F-843274C3E3AA}.Debug|Any CPU.ActiveCfg = Debug|Any CPU
		{DFF0C33A-6868-4D39-946F-843274C3E3AA}.Debug|Any CPU.Build.0 = Debug|Any CPU
		{DFF0C33A-6868-4D39-946F-843274C3E3AA}.Release|Any CPU.ActiveCfg = Release|Any CPU
		{DFF0C33A-6868-4D39-946F-843274C3E3AA}.Release|Any CPU.Build.0 = Release|Any CPU
		{F04A65CF-1450-46AD-B6AF-1E98B1C3D8AD}.Debug|Any CPU.ActiveCfg = Debug|Any CPU
		{F04A65CF-1450-46AD-B6AF-1E98B1C3D8AD}.Debug|Any CPU.Build.0 = Debug|Any CPU
		{F04A65CF-1450-46AD-B6AF-1E98B1C3D8AD}.Release|Any CPU.ActiveCfg = Release|Any CPU
		{F04A65CF-1450-46AD-B6AF-1E98B1C3D8AD}.Release|Any CPU.Build.0 = Release|Any CPU
		{F91974D5-FD27-439B-A002-2FA10E152FC2}.Debug|Any CPU.ActiveCfg = Debug|Any CPU
		{F91974D5-FD27-439B-A002-2FA10E152FC2}.Debug|Any CPU.Build.0 = Debug|Any CPU
		{F91974D5-FD27-439B-A002-2FA10E152FC2}.Release|Any CPU.ActiveCfg = Release|Any CPU
		{F91974D5-FD27-439B-A002-2FA10E152FC2}.Release|Any CPU.Build.0 = Release|Any CPU
		{FB6FD97E-C4FD-4AD1-8DE6-B8EE3F260BDD}.Debug|Any CPU.ActiveCfg = Debug|Any CPU
		{FB6FD97E-C4FD-4AD1-8DE6-B8EE3F260BDD}.Debug|Any CPU.Build.0 = Debug|Any CPU
		{FB6FD97E-C4FD-4AD1-8DE6-B8EE3F260BDD}.Release|Any CPU.ActiveCfg = Release|Any CPU
		{FB6FD97E-C4FD-4AD1-8DE6-B8EE3F260BDD}.Release|Any CPU.Build.0 = Release|Any CPU
		{04F272E1-156B-432D-88B1-8AEFC3533F0C}.Debug|Any CPU.ActiveCfg = Debug|Any CPU
		{04F272E1-156B-432D-88B1-8AEFC3533F0C}.Debug|Any CPU.Build.0 = Debug|Any CPU
		{04F272E1-156B-432D-88B1-8AEFC3533F0C}.Debug|Any CPU.Deploy.0 = Debug|Any CPU
		{04F272E1-156B-432D-88B1-8AEFC3533F0C}.Release|Any CPU.ActiveCfg = Release|Any CPU
		{04F272E1-156B-432D-88B1-8AEFC3533F0C}.Release|Any CPU.Build.0 = Release|Any CPU
		{04F272E1-156B-432D-88B1-8AEFC3533F0C}.Release|Any CPU.Deploy.0 = Release|Any CPU
		{98E5CBFF-A791-4D59-B869-11D89D7402E7}.Debug|Any CPU.ActiveCfg = Debug|Any CPU
		{98E5CBFF-A791-4D59-B869-11D89D7402E7}.Debug|Any CPU.Build.0 = Debug|Any CPU
		{98E5CBFF-A791-4D59-B869-11D89D7402E7}.Release|Any CPU.ActiveCfg = Release|Any CPU
		{98E5CBFF-A791-4D59-B869-11D89D7402E7}.Release|Any CPU.Build.0 = Release|Any CPU
		{97A71EA8-D46B-4BFC-9CC1-9BC5D37AF9A8}.Debug|Any CPU.ActiveCfg = Debug|Any CPU
		{97A71EA8-D46B-4BFC-9CC1-9BC5D37AF9A8}.Debug|Any CPU.Build.0 = Debug|Any CPU
		{97A71EA8-D46B-4BFC-9CC1-9BC5D37AF9A8}.Release|Any CPU.ActiveCfg = Release|Any CPU
		{97A71EA8-D46B-4BFC-9CC1-9BC5D37AF9A8}.Release|Any CPU.Build.0 = Release|Any CPU
		{E2CD21BA-8D9F-4400-B258-FFD3F35F3B5C}.Debug|Any CPU.ActiveCfg = Debug|Any CPU
		{E2CD21BA-8D9F-4400-B258-FFD3F35F3B5C}.Debug|Any CPU.Build.0 = Debug|Any CPU
		{E2CD21BA-8D9F-4400-B258-FFD3F35F3B5C}.Release|Any CPU.ActiveCfg = Release|Any CPU
		{E2CD21BA-8D9F-4400-B258-FFD3F35F3B5C}.Release|Any CPU.Build.0 = Release|Any CPU
		{F8D45FF5-BD18-43CA-BF0A-31B804622302}.Debug|Any CPU.ActiveCfg = Debug|Any CPU
		{F8D45FF5-BD18-43CA-BF0A-31B804622302}.Debug|Any CPU.Build.0 = Debug|Any CPU
		{F8D45FF5-BD18-43CA-BF0A-31B804622302}.Release|Any CPU.ActiveCfg = Release|Any CPU
		{F8D45FF5-BD18-43CA-BF0A-31B804622302}.Release|Any CPU.Build.0 = Release|Any CPU
		{8D3F9FB9-83B7-428B-85B5-97146D0D74F6}.Debug|Any CPU.ActiveCfg = Debug|Any CPU
		{8D3F9FB9-83B7-428B-85B5-97146D0D74F6}.Debug|Any CPU.Build.0 = Debug|Any CPU
		{8D3F9FB9-83B7-428B-85B5-97146D0D74F6}.Release|Any CPU.ActiveCfg = Release|Any CPU
		{8D3F9FB9-83B7-428B-85B5-97146D0D74F6}.Release|Any CPU.Build.0 = Release|Any CPU
	EndGlobalSection
	GlobalSection(SolutionProperties) = preSolution
		HideSolutionNode = FALSE
	EndGlobalSection
	GlobalSection(NestedProjects) = preSolution
		{247B5478-353A-4AE7-B13B-12C83BB89891} = {38F38BFB-E005-4FE7-AFD1-0EB14D056F39}
		{6FA28072-D55E-4259-BCB9-2C117F52511F} = {38F38BFB-E005-4FE7-AFD1-0EB14D056F39}
		{27AB9DA3-27F9-4554-A030-E784E28A414C} = {EEE1699F-F5FF-41A5-BAB7-E6CBEDF078BF}
		{517A90FF-457C-4343-BCC7-B42A55B23DE0} = {EEE1699F-F5FF-41A5-BAB7-E6CBEDF078BF}
		{F6436F3B-B42C-43D6-862A-594E0FFF6A2A} = {AF4D1143-45AA-4BDB-AFB3-38A266955EC0}
		{B02D91A0-8741-476F-AE3E-622CADE72CC0} = {AF4D1143-45AA-4BDB-AFB3-38A266955EC0}
		{805AD435-9CE9-44F4-BE0D-91446BF10AD9} = {4601018F-578F-4ADB-8E34-0DC6D36E5427}
		{9FF6C48C-21E7-4229-86B4-856D0A91A56B} = {4601018F-578F-4ADB-8E34-0DC6D36E5427}
		{4AD45D80-FBF6-4B6C-952D-DBA555561E53} = {32F98715-830A-4B65-A652-EDC60358CC3F}
		{4CEE87A8-1060-4D89-B695-9D835D9A052A} = {32F98715-830A-4B65-A652-EDC60358CC3F}
		{4D95B36B-DF1C-4BC0-A49C-6F5CDEC98BF9} = {32F98715-830A-4B65-A652-EDC60358CC3F}
		{79DEEB79-ABBC-41CD-8BD6-2240EF82D076} = {32F98715-830A-4B65-A652-EDC60358CC3F}
		{9271A8E3-799E-409D-A28C-DD77D5A4D204} = {32F98715-830A-4B65-A652-EDC60358CC3F}
		{49CAD9BE-EEB8-4A12-A98D-948D941302F8} = {D2C80C1F-B186-4992-AAD0-5AA1168BFB87}
		{BD70C2F1-5321-4DA6-8257-86210C1FA58D} = {D2C80C1F-B186-4992-AAD0-5AA1168BFB87}
		{27F2976B-A73B-42D1-92B2-A77BC6389908} = {EA009B18-F1D8-40E6-93D5-C46BEF067564}
		{BB24D326-EF9A-4EF3-A2C0-729F4C05F568} = {EA009B18-F1D8-40E6-93D5-C46BEF067564}
		{28151DA6-17CC-4F54-BE5F-94F9EA84EB36} = {D2C80C1F-B186-4992-AAD0-5AA1168BFB87}
		{62252E94-77D9-4F45-8D69-D99B2598E116} = {38064930-DFD6-4FDE-A5A5-150C5DB0D01B}
		{99645679-6C32-4BBB-BF89-5ABAC1DCAD0D} = {38064930-DFD6-4FDE-A5A5-150C5DB0D01B}
		{3CCF07B0-B461-4B83-B7BD-43445ABE5964} = {ADCAFC78-69BA-434C-8C8B-40B27EFCD586}
		{03AD405F-EBD4-43CF-BF00-5CA23C447BDF} = {0C24D02A-0C27-4CA4-9511-C8DBB13C9FD5}
		{8776D9D9-E36F-42D9-B935-23CA00246832} = {03AD405F-EBD4-43CF-BF00-5CA23C447BDF}
		{2D8AFFC2-2C95-4555-9080-786C70C5D3E5} = {03AD405F-EBD4-43CF-BF00-5CA23C447BDF}
		{4A96AE94-896F-4903-9CF7-DFE777DB38DD} = {BA742C09-8E0E-489C-B80F-B70CA96C6E34}
		{A4F1CC5A-536A-48EC-905D-6575BDCD17F0} = {ADCAFC78-69BA-434C-8C8B-40B27EFCD586}
		{02481846-0D33-4EF7-A7E1-87D27BC64B46} = {BA742C09-8E0E-489C-B80F-B70CA96C6E34}
		{DF8BA61D-9649-4F65-AB9F-3B78DA40D80A} = {ADCAFC78-69BA-434C-8C8B-40B27EFCD586}
		{F1BD9A99-949D-4AF4-A4C2-CF5836BE7306} = {ADCAFC78-69BA-434C-8C8B-40B27EFCD586}
		{2E6AFE61-E2B6-4E9B-AFDA-083DAD2F6D85} = {ADCAFC78-69BA-434C-8C8B-40B27EFCD586}
		{A325443D-F8E8-41C2-86A4-2DFE14E917B1} = {ADCAFC78-69BA-434C-8C8B-40B27EFCD586}
		{1EC51CDD-78C9-45E4-9FB0-E574DA2FAC9F} = {ADCAFC78-69BA-434C-8C8B-40B27EFCD586}
		{8707EF70-BC68-42CB-A459-49AFC9D6C3C9} = {ADCAFC78-69BA-434C-8C8B-40B27EFCD586}
		{8A23986C-21F7-4F34-938B-C38F5F37A343} = {ADCAFC78-69BA-434C-8C8B-40B27EFCD586}
		{132EB339-C577-4446-B833-0676C80AF3FB} = {ADCAFC78-69BA-434C-8C8B-40B27EFCD586}
		{A19833C7-377D-4036-85C4-B1976786308C} = {ADCAFC78-69BA-434C-8C8B-40B27EFCD586}
		{DFB7998B-D666-4C17-B87C-08E77091AC11} = {EA009B18-F1D8-40E6-93D5-C46BEF067564}
		{46F066D7-C8E1-453E-8DDC-37FDAD501399} = {4601018F-578F-4ADB-8E34-0DC6D36E5427}
		{DFF0C33A-6868-4D39-946F-843274C3E3AA} = {5DBA8200-EC60-4DF7-8B00-26695AFB2E3D}
		{F04A65CF-1450-46AD-B6AF-1E98B1C3D8AD} = {5DBA8200-EC60-4DF7-8B00-26695AFB2E3D}
		{F91974D5-FD27-439B-A002-2FA10E152FC2} = {5DBA8200-EC60-4DF7-8B00-26695AFB2E3D}
		{FB6FD97E-C4FD-4AD1-8DE6-B8EE3F260BDD} = {D2C80C1F-B186-4992-AAD0-5AA1168BFB87}
		{04F272E1-156B-432D-88B1-8AEFC3533F0C} = {07305A79-7E3C-446C-AE47-E3FE682D04DF}
		{97A71EA8-D46B-4BFC-9CC1-9BC5D37AF9A8} = {AF4D1143-45AA-4BDB-AFB3-38A266955EC0}
		{E2CD21BA-8D9F-4400-B258-FFD3F35F3B5C} = {BA742C09-8E0E-489C-B80F-B70CA96C6E34}
		{F8D45FF5-BD18-43CA-BF0A-31B804622302} = {38064930-DFD6-4FDE-A5A5-150C5DB0D01B}
		{8D3F9FB9-83B7-428B-85B5-97146D0D74F6} = {ADCAFC78-69BA-434C-8C8B-40B27EFCD586}
	EndGlobalSection
	GlobalSection(ExtensibilityGlobals) = postSolution
		SolutionGuid = {91AE9782-0D3F-4611-8C40-D29647166E70}
	EndGlobalSection
EndGlobal
